schema: '2.0'
stages:
  download:
    cmd: python src/download.py
    deps:
    - path: src/config.py
      hash: md5
      md5: df0aaf6f67af1ff9dd80ce1b7c984f53
      size: 212
    - path: src/download.py
      hash: md5
      md5: ddbce36734c71a21234a1a805c5aa742
      size: 576
    - path: src/utils.py
      hash: md5
      md5: 5e61ddaf040c7b44eba34d2683712e6e
      size: 381
    outs:
    - path: data/iris.csv
      hash: md5
      md5: 013d0da08d6506664ce640459139176b
      size: 3858
  plots:
    cmd: python src/plot.py
    deps:
    - path: data/iris.csv
      hash: md5
      md5: 013d0da08d6506664ce640459139176b
      size: 3858
    - path: src/config.py
      hash: md5
      md5: df0aaf6f67af1ff9dd80ce1b7c984f53
      size: 212
    - path: src/plot.py
      hash: md5
      md5: 6a8c2f254c9981cf3b1c67e68202f4f5
      size: 461
    - path: src/utils.py
      hash: md5
      md5: 5e61ddaf040c7b44eba34d2683712e6e
      size: 381
    outs:
    - path: plots/matrix_plot.png
      hash: md5
      md5: 76aad2be506ccf9c5bbdb8f9d2051fb8
      size: 265381
  evaluate:
    cmd: python src/fit_models.py
    deps:
    - path: data/iris.csv
      hash: md5
      md5: 013d0da08d6506664ce640459139176b
      size: 3858
    - path: src/config.py
      hash: md5
      md5: df0aaf6f67af1ff9dd80ce1b7c984f53
      size: 212
    - path: src/fit_models.py
      hash: md5
      md5: 96d1e79649c687cebc84b89928fc66e2
      size: 1646
    - path: src/utils.py
      hash: md5
      md5: 5e61ddaf040c7b44eba34d2683712e6e
      size: 381
    params:
      params.yaml:
        evaluate.model: knn-2
    outs:
    - path: eval/metrics.json
      hash: md5
      md5: f38254cff9665f19d980918cbff83325
      size: 36
